
Microsoft Visual Studio Solution File, Format Version 12.00
# Visual Studio Version 16
VisualStudioVersion = 16.0.31205.134
MinimumVisualStudioVersion = 10.0.40219.1
Project("{FAE04EC0-301F-11D3-BF4B-00C04F79EFBC}") = "SimpleLibraryAutomation", "SimpleLibraryAutomation.csproj", "{95AE380C-45EF-4301-97B4-E3D66D3FBA60}"
EndProject
Project("{2150E333-8FDC-42A3-9474-1A3956D46DE8}") = "Solution Items", "Solution Items", "{295DE696-309A-4274-9B5C-B9A5409D13B7}"
	ProjectSection(SolutionItems) = preProject
		.editorconfig = .editorconfig
	EndProjectSection
EndProject
Global
	GlobalSection(SolutionConfigurationPlatforms) = preSolution
		Debug|Any CPU = Debug|Any CPU
		Release|Any CPU = Release|Any CPU
	EndGlobalSection
	GlobalSection(ProjectConfigurationPlatforms) = postSolution
		{95AE380C-45EF-4301-97B4-E3D66D3FBA60}.Debug|Any CPU.ActiveCfg = Debug|Any CPU
		{95AE380C-45EF-4301-97B4-E3D66D3FBA60}.Debug|Any CPU.Build.0 = Debug|Any CPU
		{95AE380C-45EF-4301-97B4-E3D66D3FBA60}.Release|Any CPU.ActiveCfg = Release|Any CPU
		{95AE380C-45EF-4301-97B4-E3D66D3FBA60}.Release|Any CPU.Build.0 = Release|Any CPU
	EndGlobalSection
	GlobalSection(SolutionProperties) = preSolution
		HideSolutionNode = FALSE
	EndGlobalSection
	GlobalSection(ExtensibilityGlobals) = postSolution
		SolutionGuid = {B1D0E7E7-EBC1-4FE9-95E5-826249A0E396}
	EndGlobalSection
EndGlobal
